<Solution>
  <Folder Name="/src/">
    <Project Path="src/Sanierungsplaner.Desktop/Sanierungsplaner.Desktop.csproj" />
  </Folder>
  <Folder Name="/tests/">
    <Project Path="tests/Sanierungsplaner.SmokeTests/Sanierungsplaner.SmokeTests.csproj" />
    <Project Path="tests/Sanierungsplaner.SyncTests/Sanierungsplaner.SyncTests.csproj" />
  </Folder>
</Solution>
